
Microsoft Visual Studio Solution File, Format Version 12.00
# Visual Studio Version 17
VisualStudioVersion = 17.14.35828.13
MinimumVisualStudioVersion = 10.0.40219.1
Project("{FAE04EC0-301F-11D3-BF4B-00C04F79EFBC}") = "FunctionAppIsolated", "FunctionAppIsolated\FunctionAppIsolated.csproj", "{B24FEE1E-DDB8-E1CD-925F-199BF3D603C4}"
EndProject
Project("{FAE04EC0-301F-11D3-BF4B-00C04F79EFBC}") = "FunctionAppInProcess", "FunctionAppInProcess\FunctionAppInProcess.csproj", "{D3960214-5478-40E0-8945-F29C8D2A4DCA}"
EndProject
Global
	GlobalSection(SolutionConfigurationPlatforms) = preSolution
		Debug|Any CPU = Debug|Any CPU
		Release|Any CPU = Release|Any CPU
	EndGlobalSection
	GlobalSection(ProjectConfigurationPlatforms) = postSolution
		{B24FEE1E-DDB8-E1CD-925F-199BF3D603C4}.Debug|Any CPU.ActiveCfg = Debug|Any CPU
		{B24FEE1E-DDB8-E1CD-925F-199BF3D603C4}.Debug|Any CPU.Build.0 = Debug|Any CPU
		{B24FEE1E-DDB8-E1CD-925F-199BF3D603C4}.Release|Any CPU.ActiveCfg = Release|Any CPU
		{B24FEE1E-DDB8-E1CD-925F-199BF3D603C4}.Release|Any CPU.Build.0 = Release|Any CPU
		{D3960214-5478-40E0-8945-F29C8D2A4DCA}.Debug|Any CPU.ActiveCfg = Debug|Any CPU
		{D3960214-5478-40E0-8945-F29C8D2A4DCA}.Debug|Any CPU.Build.0 = Debug|Any CPU
		{D3960214-5478-40E0-8945-F29C8D2A4DCA}.Release|Any CPU.ActiveCfg = Release|Any CPU
		{D3960214-5478-40E0-8945-F29C8D2A4DCA}.Release|Any CPU.Build.0 = Release|Any CPU
	EndGlobalSection
	GlobalSection(SolutionProperties) = preSolution
		HideSolutionNode = FALSE
	EndGlobalSection
	GlobalSection(ExtensibilityGlobals) = postSolution
		SolutionGuid = {DBF3FBCB-A4CD-41A8-BA2D-562B632F5BE7}
	EndGlobalSection
EndGlobal
