
Microsoft Visual Studio Solution File, Format Version 12.00
# Visual Studio Version 17
VisualStudioVersion = 17.14.36119.2 d17.14
MinimumVisualStudioVersion = 10.0.40219.1
Project("{FAE04EC0-301F-11D3-BF4B-00C04F79EFBC}") = "WebDemo", "WebDemo\WebDemo.csproj", "{7D342A3D-3386-F48E-2FD0-340DF151EAD4}"
EndProject
Global
	GlobalSection(SolutionConfigurationPlatforms) = preSolution
		Debug|Any CPU = Debug|Any CPU
		Release|Any CPU = Release|Any CPU
	EndGlobalSection
	GlobalSection(ProjectConfigurationPlatforms) = postSolution
		{7D342A3D-3386-F48E-2FD0-340DF151EAD4}.Debug|Any CPU.ActiveCfg = Debug|Any CPU
		{7D342A3D-3386-F48E-2FD0-340DF151EAD4}.Debug|Any CPU.Build.0 = Debug|Any CPU
		{7D342A3D-3386-F48E-2FD0-340DF151EAD4}.Release|Any CPU.ActiveCfg = Release|Any CPU
		{7D342A3D-3386-F48E-2FD0-340DF151EAD4}.Release|Any CPU.Build.0 = Release|Any CPU
	EndGlobalSection
	GlobalSection(SolutionProperties) = preSolution
		HideSolutionNode = FALSE
	EndGlobalSection
	GlobalSection(ExtensibilityGlobals) = postSolution
		SolutionGuid = {6D318ED3-1FC2-4ADD-AE37-C4BF4D7D7CAC}
	EndGlobalSection
EndGlobal
