
Microsoft Visual Studio Solution File, Format Version 12.00
# Visual Studio Version 17
VisualStudioVersion = 17.1.31904.369
MinimumVisualStudioVersion = 10.0.40219.1
Project("{9A19103F-16F7-4668-BE54-9A1E7A4F7556}") = "FunctionApp", "FunctionApp\FunctionApp.csproj", "{8C4BCA4B-3413-4757-A27A-CD19319BB84E}"
EndProject
Project("{9A19103F-16F7-4668-BE54-9A1E7A4F7556}") = "FunctionAppIsolatedMode", "FunctionAppIsolatedMode\FunctionAppIsolatedMode.csproj", "{1F856589-317F-4708-B6D8-491EA899FEC0}"
EndProject
Project("{FAE04EC0-301F-11D3-BF4B-00C04F79EFBC}") = "FunctionAppIsolated", "FunctionAppIsolated\FunctionAppIsolated.csproj", "{53FD72EC-18AA-4BF0-B821-650CEF06FA1C}"
EndProject
Global
	GlobalSection(SolutionConfigurationPlatforms) = preSolution
		Debug|Any CPU = Debug|Any CPU
		Release|Any CPU = Release|Any CPU
	EndGlobalSection
	GlobalSection(ProjectConfigurationPlatforms) = postSolution
		{8C4BCA4B-3413-4757-A27A-CD19319BB84E}.Debug|Any CPU.ActiveCfg = Debug|Any CPU
		{8C4BCA4B-3413-4757-A27A-CD19319BB84E}.Debug|Any CPU.Build.0 = Debug|Any CPU
		{8C4BCA4B-3413-4757-A27A-CD19319BB84E}.Release|Any CPU.ActiveCfg = Release|Any CPU
		{8C4BCA4B-3413-4757-A27A-CD19319BB84E}.Release|Any CPU.Build.0 = Release|Any CPU
		{1F856589-317F-4708-B6D8-491EA899FEC0}.Debug|Any CPU.ActiveCfg = Debug|Any CPU
		{1F856589-317F-4708-B6D8-491EA899FEC0}.Debug|Any CPU.Build.0 = Debug|Any CPU
		{1F856589-317F-4708-B6D8-491EA899FEC0}.Release|Any CPU.ActiveCfg = Release|Any CPU
		{1F856589-317F-4708-B6D8-491EA899FEC0}.Release|Any CPU.Build.0 = Release|Any CPU
		{53FD72EC-18AA-4BF0-B821-650CEF06FA1C}.Debug|Any CPU.ActiveCfg = Debug|Any CPU
		{53FD72EC-18AA-4BF0-B821-650CEF06FA1C}.Debug|Any CPU.Build.0 = Debug|Any CPU
		{53FD72EC-18AA-4BF0-B821-650CEF06FA1C}.Release|Any CPU.ActiveCfg = Release|Any CPU
		{53FD72EC-18AA-4BF0-B821-650CEF06FA1C}.Release|Any CPU.Build.0 = Release|Any CPU
	EndGlobalSection
	GlobalSection(SolutionProperties) = preSolution
		HideSolutionNode = FALSE
	EndGlobalSection
	GlobalSection(ExtensibilityGlobals) = postSolution
		SolutionGuid = {84007F82-034B-4153-A3A6-A3EB0DEA748F}
	EndGlobalSection
EndGlobal
