
Microsoft Visual Studio Solution File, Format Version 12.00
# Visual Studio Version 16
VisualStudioVersion = 16.0.29911.84
MinimumVisualStudioVersion = 10.0.40219.1
Project("{FAE04EC0-301F-11D3-BF4B-00C04F79EFBC}") = "AzureFunctionPushRefresh", "AzureFunctionPushRefresh.csproj", "{95167F18-3F5E-4D05-9C68-06AEB6415FDB}"
EndProject
Global
	GlobalSection(SolutionConfigurationPlatforms) = preSolution
		Debug|Any CPU = Debug|Any CPU
		Release|Any CPU = Release|Any CPU
	EndGlobalSection
	GlobalSection(ProjectConfigurationPlatforms) = postSolution
		{95167F18-3F5E-4D05-9C68-06AEB6415FDB}.Debug|Any CPU.ActiveCfg = Debug|Any CPU
		{95167F18-3F5E-4D05-9C68-06AEB6415FDB}.Debug|Any CPU.Build.0 = Debug|Any CPU
		{95167F18-3F5E-4D05-9C68-06AEB6415FDB}.Release|Any CPU.ActiveCfg = Release|Any CPU
		{95167F18-3F5E-4D05-9C68-06AEB6415FDB}.Release|Any CPU.Build.0 = Release|Any CPU
	EndGlobalSection
	GlobalSection(SolutionProperties) = preSolution
		HideSolutionNode = FALSE
	EndGlobalSection
	GlobalSection(ExtensibilityGlobals) = postSolution
		SolutionGuid = {C72403F9-23B2-4ADF-AF0C-8C9EE777D1A1}
	EndGlobalSection
EndGlobal
