
Microsoft Visual Studio Solution File, Format Version 12.00
# Visual Studio Version 16
VisualStudioVersion = 16.0.31714.274
MinimumVisualStudioVersion = 10.0.40219.1
Project("{FAE04EC0-301F-11D3-BF4B-00C04F79EFBC}") = "WebFormApp", "WebFormApp\WebFormApp.csproj", "{1AAEEDA0-BA4A-48A0-84B5-3477EB7D6A15}"
EndProject
Global
	GlobalSection(SolutionConfigurationPlatforms) = preSolution
		Debug|Any CPU = Debug|Any CPU
		Release|Any CPU = Release|Any CPU
	EndGlobalSection
	GlobalSection(ProjectConfigurationPlatforms) = postSolution
		{1AAEEDA0-BA4A-48A0-84B5-3477EB7D6A15}.Debug|Any CPU.ActiveCfg = Debug|Any CPU
		{1AAEEDA0-BA4A-48A0-84B5-3477EB7D6A15}.Debug|Any CPU.Build.0 = Debug|Any CPU
		{1AAEEDA0-BA4A-48A0-84B5-3477EB7D6A15}.Release|Any CPU.ActiveCfg = Release|Any CPU
		{1AAEEDA0-BA4A-48A0-84B5-3477EB7D6A15}.Release|Any CPU.Build.0 = Release|Any CPU
	EndGlobalSection
	GlobalSection(SolutionProperties) = preSolution
		HideSolutionNode = FALSE
	EndGlobalSection
	GlobalSection(ExtensibilityGlobals) = postSolution
		SolutionGuid = {8E6D2CBF-C1BB-41F3-8610-A92693E1731F}
	EndGlobalSection
EndGlobal
