
Microsoft Visual Studio Solution File, Format Version 12.00
# Visual Studio Version 17
VisualStudioVersion = 17.5.33516.290
MinimumVisualStudioVersion = 10.0.40219.1
Project("{FAE04EC0-301F-11D3-BF4B-00C04F79EFBC}") = "ConsoleApplicationWithMap", "ConsoleApplicationWithMap\ConsoleApplicationWithMap.csproj", "{21B928A7-05C7-4F7F-BBF3-8DFFAA9F0FCA}"
EndProject
Global
	GlobalSection(SolutionConfigurationPlatforms) = preSolution
		Debug|Any CPU = Debug|Any CPU
		Release|Any CPU = Release|Any CPU
	EndGlobalSection
	GlobalSection(ProjectConfigurationPlatforms) = postSolution
		{21B928A7-05C7-4F7F-BBF3-8DFFAA9F0FCA}.Debug|Any CPU.ActiveCfg = Debug|Any CPU
		{21B928A7-05C7-4F7F-BBF3-8DFFAA9F0FCA}.Debug|Any CPU.Build.0 = Debug|Any CPU
		{21B928A7-05C7-4F7F-BBF3-8DFFAA9F0FCA}.Release|Any CPU.ActiveCfg = Release|Any CPU
		{21B928A7-05C7-4F7F-BBF3-8DFFAA9F0FCA}.Release|Any CPU.Build.0 = Release|Any CPU
	EndGlobalSection
	GlobalSection(SolutionProperties) = preSolution
		HideSolutionNode = FALSE
	EndGlobalSection
	GlobalSection(ExtensibilityGlobals) = postSolution
		SolutionGuid = {CF80B849-9847-4F45-9C72-97DCC60B9A01}
	EndGlobalSection
EndGlobal
